// !$*UTF8*$!
{
	archiveVersion = 1;
	classes = {
	};
	objectVersion = 50;
	objects = {

/* Begin PBXBuildFile section */
		4A5E71032602F90B0075283B /* AppDelegate.swift in Sources */ = {isa = PBXBuildFile; fileRef = 4A5E71022602F90B0075283B /* AppDelegate.swift */; };
		4A5E71052602F90B0075283B /* SceneDelegate.swift in Sources */ = {isa = PBXBuildFile; fileRef = 4A5E71042602F90B0075283B /* SceneDelegate.swift */; };
		4A5E71072602F90B0075283B /* ViewController.swift in Sources */ = {isa = PBXBuildFile; fileRef = 4A5E71062602F90B0075283B /* ViewController.swift */; };
		4A5E710A2602F90B0075283B /* Main.storyboard in Resources */ = {isa = PBXBuildFile; fileRef = 4A5E71082602F90B0075283B /* Main.storyboard */; };
		4A5E710D2602F90B0075283B /* UnitCoverter.xcdatamodeld in Sources */ = {isa = PBXBuildFile; fileRef = 4A5E710B2602F90B0075283B /* UnitCoverter.xcdatamodeld */; };
		4A5E710F2602F90D0075283B /* Assets.xcassets in Resources */ = {isa = PBXBuildFile; fileRef = 4A5E710E2602F90D0075283B /* Assets.xcassets */; };
		4A5E71122602F90D0075283B /* LaunchScreen.storyboard in Resources */ = {isa = PBXBuildFile; fileRef = 4A5E71102602F90D0075283B /* LaunchScreen.storyboard */; };
		4A5E71212602F9A50075283B /* KeyboardViewController.swift in Sources */ = {isa = PBXBuildFile; fileRef = 4A5E71202602F9A50075283B /* KeyboardViewController.swift */; };
		4A5E71252602F9A50075283B /* CKeyboard.appex in Embed App Extensions */ = {isa = PBXBuildFile; fileRef = 4A5E711E2602F9A50075283B /* CKeyboard.appex */; settings = {ATTRIBUTES = (RemoveHeadersOnCopy, ); }; };
		4A5E712D2602FA2E0075283B /* CKeyboardStoryboard.storyboard in Resources */ = {isa = PBXBuildFile; fileRef = 4A5E712C2602FA2E0075283B /* CKeyboardStoryboard.storyboard */; };
/* End PBXBuildFile section */

/* Begin PBXContainerItemProxy section */
		4A5E71232602F9A50075283B /* PBXContainerItemProxy */ = {
			isa = PBXContainerItemProxy;
			containerPortal = 4A5E70F72602F90B0075283B /* Project object */;
			proxyType = 1;
			remoteGlobalIDString = 4A5E711D2602F9A50075283B;
			remoteInfo = CKeyboard;
		};
/* End PBXContainerItemProxy section */

/* Begin PBXCopyFilesBuildPhase section */
		4A5E71292602F9A50075283B /* Embed App Extensions */ = {
			isa = PBXCopyFilesBuildPhase;
			buildActionMask = 2147483647;
			dstPath = "";
			dstSubfolderSpec = 13;
			files = (
				4A5E71252602F9A50075283B /* CKeyboard.appex in Embed App Extensions */,
			);
			name = "Embed App Extensions";
			runOnlyForDeploymentPostprocessing = 0;
		};
/* End PBXCopyFilesBuildPhase section */

/* Begin PBXFileReference section */
		4A5E70FF2602F90B0075283B /* UnitCoverter.app */ = {isa = PBXFileReference; explicitFileType = wrapper.application; includeInIndex = 0; path = UnitCoverter.app; sourceTree = BUILT_PRODUCTS_DIR; };
		4A5E71022602F90B0075283B /* AppDelegate.swift */ = {isa = PBXFileReference; lastKnownFileType = sourcecode.swift; path = AppDelegate.swift; sourceTree = "<group>"; };
		4A5E71042602F90B0075283B /* SceneDelegate.swift */ = {isa = PBXFileReference; lastKnownFileType = sourcecode.swift; path = SceneDelegate.swift; sourceTree = "<group>"; };
		4A5E71062602F90B0075283B /* ViewController.swift */ = {isa = PBXFileReference; lastKnownFileType = sourcecode.swift; path = ViewController.swift; sourceTree = "<group>"; };
		4A5E71092602F90B0075283B /* Base */ = {isa = PBXFileReference; lastKnownFileType = file.storyboard; name = Base; path = Base.lproj/Main.storyboard; sourceTree = "<group>"; };
		4A5E710C2602F90B0075283B /* UnitCoverter.xcdatamodel */ = {isa = PBXFileReference; lastKnownFileType = wrapper.xcdatamodel; path = UnitCoverter.xcdatamodel; sourceTree = "<group>"; };
		4A5E710E2602F90D0075283B /* Assets.xcassets */ = {isa = PBXFileReference; lastKnownFileType = folder.assetcatalog; path = Assets.xcassets; sourceTree = "<group>"; };
		4A5E71112602F90D0075283B /* Base */ = {isa = PBXFileReference; lastKnownFileType = file.storyboard; name = Base; path = Base.lproj/LaunchScreen.storyboard; sourceTree = "<group>"; };
		4A5E71132602F90D0075283B /* Info.plist */ = {isa = PBXFileReference; lastKnownFileType = text.plist.xml; path = Info.plist; sourceTree = "<group>"; };
		4A5E711E2602F9A50075283B /* CKeyboard.appex */ = {isa = PBXFileReference; explicitFileType = "wrapper.app-extension"; includeInIndex = 0; path = CKeyboard.appex; sourceTree = BUILT_PRODUCTS_DIR; };
		4A5E71202602F9A50075283B /* KeyboardViewController.swift */ = {isa = PBXFileReference; lastKnownFileType = sourcecode.swift; path = KeyboardViewController.swift; sourceTree = "<group>"; };
		4A5E71222602F9A50075283B /* Info.plist */ = {isa = PBXFileReference; lastKnownFileType = text.plist.xml; path = Info.plist; sourceTree = "<group>"; };
		4A5E712C2602FA2E0075283B /* CKeyboardStoryboard.storyboard */ = {isa = PBXFileReference; lastKnownFileType = file.storyboard; path = CKeyboardStoryboard.storyboard; sourceTree = "<group>"; };
/* End PBXFileReference section */

/* Begin PBXFrameworksBuildPhase section */
		4A5E70FC2602F90B0075283B /* Frameworks */ = {
			isa = PBXFrameworksBuildPhase;
			buildActionMask = 2147483647;
			files = (
			);
			runOnlyForDeploymentPostprocessing = 0;
		};
		4A5E711B2602F9A50075283B /* Frameworks */ = {
			isa = PBXFrameworksBuildPhase;
			buildActionMask = 2147483647;
			files = (
			);
			runOnlyForDeploymentPostprocessing = 0;
		};
/* End PBXFrameworksBuildPhase section */

/* Begin PBXGroup section */
		4A5E70F62602F90B0075283B = {
			isa = PBXGroup;
			children = (
				4A5E71012602F90B0075283B /* UnitCoverter */,
				4A5E711F2602F9A50075283B /* CKeyboard */,
				4A5E71002602F90B0075283B /* Products */,
			);
			sourceTree = "<group>";
		};
		4A5E71002602F90B0075283B /* Products */ = {
			isa = PBXGroup;
			children = (
				4A5E70FF2602F90B0075283B /* UnitCoverter.app */,
				4A5E711E2602F9A50075283B /* CKeyboard.appex */,
			);
			name = Products;
			sourceTree = "<group>";
		};
		4A5E71012602F90B0075283B /* UnitCoverter */ = {
			isa = PBXGroup;
			children = (
				4A5E71022602F90B0075283B /* AppDelegate.swift */,
				4A5E71042602F90B0075283B /* SceneDelegate.swift */,
				4A5E71062602F90B0075283B /* ViewController.swift */,
				4A5E71082602F90B0075283B /* Main.storyboard */,
				4A5E710E2602F90D0075283B /* Assets.xcassets */,
				4A5E71102602F90D0075283B /* LaunchScreen.storyboard */,
				4A5E71132602F90D0075283B /* Info.plist */,
				4A5E710B2602F90B0075283B /* UnitCoverter.xcdatamodeld */,
			);
			path = UnitCoverter;
			sourceTree = "<group>";
		};
		4A5E711F2602F9A50075283B /* CKeyboard */ = {
			isa = PBXGroup;
			children = (
				4A5E71202602F9A50075283B /* KeyboardViewController.swift */,
				4A5E71222602F9A50075283B /* Info.plist */,
				4A5E712C2602FA2E0075283B /* CKeyboardStoryboard.storyboard */,
			);
			path = CKeyboard;
			sourceTree = "<group>";
		};
/* End PBXGroup section */

/* Begin PBXNativeTarget section */
		4A5E70FE2602F90B0075283B /* UnitCoverter */ = {
			isa = PBXNativeTarget;
			buildConfigurationList = 4A5E71162602F90D0075283B /* Build configuration list for PBXNativeTarget "UnitCoverter" */;
			buildPhases = (
				4A5E70FB2602F90B0075283B /* Sources */,
				4A5E70FC2602F90B0075283B /* Frameworks */,
				4A5E70FD2602F90B0075283B /* Resources */,
				4A5E71292602F9A50075283B /* Embed App Extensions */,
			);
			buildRules = (
			);
			dependencies = (
				4A5E71242602F9A50075283B /* PBXTargetDependency */,
			);
			name = UnitCoverter;
			productName = UnitCoverter;
			productReference = 4A5E70FF2602F90B0075283B /* UnitCoverter.app */;
			productType = "com.apple.product-type.application";
		};
		4A5E711D2602F9A50075283B /* CKeyboard */ = {
			isa = PBXNativeTarget;
			buildConfigurationList = 4A5E71262602F9A50075283B /* Build configuration list for PBXNativeTarget "CKeyboard" */;
			buildPhases = (
				4A5E711A2602F9A50075283B /* Sources */,
				4A5E711B2602F9A50075283B /* Frameworks */,
				4A5E711C2602F9A50075283B /* Resources */,
			);
			buildRules = (
			);
			dependencies = (
			);
			name = CKeyboard;
			productName = CKeyboard;
			productReference = 4A5E711E2602F9A50075283B /* CKeyboard.appex */;
			productType = "com.apple.product-type.app-extension";
		};
/* End PBXNativeTarget section */

/* Begin PBXProject section */
		4A5E70F72602F90B0075283B /* Project object */ = {
			isa = PBXProject;
			attributes = {
				LastSwiftUpdateCheck = 1240;
				LastUpgradeCheck = 1240;
				TargetAttributes = {
					4A5E70FE2602F90B0075283B = {
						CreatedOnToolsVersion = 12.4;
					};
					4A5E711D2602F9A50075283B = {
						CreatedOnToolsVersion = 12.4;
					};
				};
			};
			buildConfigurationList = 4A5E70FA2602F90B0075283B /* Build configuration list for PBXProject "UnitCoverter" */;
			compatibilityVersion = "Xcode 9.3";
			developmentRegion = en;
			hasScannedForEncodings = 0;
			knownRegions = (
				en,
				Base,
			);
			mainGroup = 4A5E70F62602F90B0075283B;
			productRefGroup = 4A5E71002602F90B0075283B /* Products */;
			projectDirPath = "";
			projectRoot = "";
			targets = (
				4A5E70FE2602F90B0075283B /* UnitCoverter */,
				4A5E711D2602F9A50075283B /* CKeyboard */,
			);
		};
/* End PBXProject section */

/* Begin PBXResourcesBuildPhase section */
		4A5E70FD2602F90B0075283B /* Resources */ = {
			isa = PBXResourcesBuildPhase;
			buildActionMask = 2147483647;
			files = (
				4A5E71122602F90D0075283B /* LaunchScreen.storyboard in Resources */,
				4A5E710F2602F90D0075283B /* Assets.xcassets in Resources */,
				4A5E710A2602F90B0075283B /* Main.storyboard in Resources */,
			);
			runOnlyForDeploymentPostprocessing = 0;
		};
		4A5E711C2602F9A50075283B /* Resources */ = {
			isa = PBXResourcesBuildPhase;
			buildActionMask = 2147483647;
			files = (
				4A5E712D2602FA2E0075283B /* CKeyboardStoryboard.storyboard in Resources */,
			);
			runOnlyForDeploymentPostprocessing = 0;
		};
/* End PBXResourcesBuildPhase section */

/* Begin PBXSourcesBuildPhase section */
		4A5E70FB2602F90B0075283B /* Sources */ = {
			isa = PBXSourcesBuildPhase;
			buildActionMask = 2147483647;
			files = (
				4A5E71072602F90B0075283B /* ViewController.swift in Sources */,
				4A5E71032602F90B0075283B /* AppDelegate.swift in Sources */,
				4A5E71052602F90B0075283B /* SceneDelegate.swift in Sources */,
				4A5E710D2602F90B0075283B /* UnitCoverter.xcdatamodeld in Sources */,
			);
			runOnlyForDeploymentPostprocessing = 0;
		};
		4A5E711A2602F9A50075283B /* Sources */ = {
			isa = PBXSourcesBuildPhase;
			buildActionMask = 2147483647;
			files = (
				4A5E71212602F9A50075283B /* KeyboardViewController.swift in Sources */,
			);
			runOnlyForDeploymentPostprocessing = 0;
		};
/* End PBXSourcesBuildPhase section */

/* Begin PBXTargetDependency section */
		4A5E71242602F9A50075283B /* PBXTargetDependency */ = {
			isa = PBXTargetDependency;
			target = 4A5E711D2602F9A50075283B /* CKeyboard */;
			targetProxy = 4A5E71232602F9A50075283B /* PBXContainerItemProxy */;
		};
/* End PBXTargetDependency section */

/* Begin PBXVariantGroup section */
		4A5E71082602F90B0075283B /* Main.storyboard */ = {
			isa = PBXVariantGroup;
			children = (
				4A5E71092602F90B0075283B /* Base */,
			);
			name = Main.storyboard;
			sourceTree = "<group>";
		};
		4A5E71102602F90D0075283B /* LaunchScreen.storyboard */ = {
			isa = PBXVariantGroup;
			children = (
				4A5E71112602F90D0075283B /* Base */,
			);
			name = LaunchScreen.storyboard;
			sourceTree = "<group>";
		};
/* End PBXVariantGroup section */

/* Begin XCBuildConfiguration section */
		4A5E71142602F90D0075283B /* Debug */ = {
			isa = XCBuildConfiguration;
			buildSettings = {
				ALWAYS_SEARCH_USER_PATHS = NO;
				CLANG_ANALYZER_NONNULL = YES;
				CLANG_ANALYZER_NUMBER_OBJECT_CONVERSION = YES_AGGRESSIVE;
				CLANG_CXX_LANGUAGE_STANDARD = "gnu++14";
				CLANG_CXX_LIBRARY = "libc++";
				CLANG_ENABLE_MODULES = YES;
				CLANG_ENABLE_OBJC_ARC = YES;
				CLANG_ENABLE_OBJC_WEAK = YES;
				CLANG_WARN_BLOCK_CAPTURE_AUTORELEASING = YES;
				CLANG_WARN_BOOL_CONVERSION = YES;
				CLANG_WARN_COMMA = YES;
				CLANG_WARN_CONSTANT_CONVERSION = YES;
				CLANG_WARN_DEPRECATED_OBJC_IMPLEMENTATIONS = YES;
				CLANG_WARN_DIRECT_OBJC_ISA_USAGE = YES_ERROR;
				CLANG_WARN_DOCUMENTATION_COMMENTS = YES;
				CLANG_WARN_EMPTY_BODY = YES;
				CLANG_WARN_ENUM_CONVERSION = YES;
				CLANG_WARN_INFINITE_RECURSION = YES;
				CLANG_WARN_INT_CONVERSION = YES;
				CLANG_WARN_NON_LITERAL_NULL_CONVERSION = YES;
				CLANG_WARN_OBJC_IMPLICIT_RETAIN_SELF = YES;
				CLANG_WARN_OBJC_LITERAL_CONVERSION = YES;
				CLANG_WARN_OBJC_ROOT_CLASS = YES_ERROR;
				CLANG_WARN_QUOTED_INCLUDE_IN_FRAMEWORK_HEADER = YES;
				CLANG_WARN_RANGE_LOOP_ANALYSIS = YES;
				CLANG_WARN_STRICT_PROTOTYPES = YES;
				CLANG_WARN_SUSPICIOUS_MOVE = YES;
				CLANG_WARN_UNGUARDED_AVAILABILITY = YES_AGGRESSIVE;
				CLANG_WARN_UNREACHABLE_CODE = YES;
				CLANG_WARN__DUPLICATE_METHOD_MATCH = YES;
				COPY_PHASE_STRIP = NO;
				DEBUG_INFORMATION_FORMAT = dwarf;
				ENABLE_STRICT_OBJC_MSGSEND = YES;
				ENABLE_TESTABILITY = YES;
				GCC_C_LANGUAGE_STANDARD = gnu11;
				GCC_DYNAMIC_NO_PIC = NO;
				GCC_NO_COMMON_BLOCKS = YES;
				GCC_OPTIMIZATION_LEVEL = 0;
				GCC_PREPROCESSOR_DEFINITIONS = (
					"DEBUG=1",
					"$(inherited)",
				);
				GCC_WARN_64_TO_32_BIT_CONVERSION = YES;
				GCC_WARN_ABOUT_RETURN_TYPE = YES_ERROR;
				GCC_WARN_UNDECLARED_SELECTOR = YES;
				GCC_WARN_UNINITIALIZED_AUTOS = YES_AGGRESSIVE;
				GCC_WARN_UNUSED_FUNCTION = YES;
				GCC_WARN_UNUSED_VARIABLE = YES;
				IPHONEOS_DEPLOYMENT_TARGET = 14.4;
				MTL_ENABLE_DEBUG_INFO = INCLUDE_SOURCE;
				MTL_FAST_MATH = YES;
				ONLY_ACTIVE_ARCH = YES;
				SDKROOT = iphoneos;
				SWIFT_ACTIVE_COMPILATION_CONDITIONS = DEBUG;
				SWIFT_OPTIMIZATION_LEVEL = "-Onone";
			};
			name = Debug;
		};
		4A5E71152602F90D0075283B /* Release */ = {
			isa = XCBuildConfiguration;
			buildSettings = {
				ALWAYS_SEARCH_USER_PATHS = NO;
				CLANG_ANALYZER_NONNULL = YES;
				CLANG_ANALYZER_NUMBER_OBJECT_CONVERSION = YES_AGGRESSIVE;
				CLANG_CXX_LANGUAGE_STANDARD = "gnu++14";
				CLANG_CXX_LIBRARY = "libc++";
				CLANG_ENABLE_MODULES = YES;
				CLANG_ENABLE_OBJC_ARC = YES;
				CLANG_ENABLE_OBJC_WEAK = YES;
				CLANG_WARN_BLOCK_CAPTURE_AUTORELEASING = YES;
				CLANG_WARN_BOOL_CONVERSION = YES;
				CLANG_WARN_COMMA = YES;
				CLANG_WARN_CONSTANT_CONVERSION = YES;
				CLANG_WARN_DEPRECATED_OBJC_IMPLEMENTATIONS = YES;
				CLANG_WARN_DIRECT_OBJC_ISA_USAGE = YES_ERROR;
				CLANG_WARN_DOCUMENTATION_COMMENTS = YES;
				CLANG_WARN_EMPTY_BODY = YES;
				CLANG_WARN_ENUM_CONVERSION = YES;
				CLANG_WARN_INFINITE_RECURSION = YES;
				CLANG_WARN_INT_CONVERSION = YES;
				CLANG_WARN_NON_LITERAL_NULL_CONVERSION = YES;
				CLANG_WARN_OBJC_IMPLICIT_RETAIN_SELF = YES;
				CLANG_WARN_OBJC_LITERAL_CONVERSION = YES;
				CLANG_WARN_OBJC_ROOT_CLASS = YES_ERROR;
				CLANG_WARN_QUOTED_INCLUDE_IN_FRAMEWORK_HEADER = YES;
				CLANG_WARN_RANGE_LOOP_ANALYSIS = YES;
				CLANG_WARN_STRICT_PROTOTYPES = YES;
				CLANG_WARN_SUSPICIOUS_MOVE = YES;
				CLANG_WARN_UNGUARDED_AVAILABILITY = YES_AGGRESSIVE;
				CLANG_WARN_UNREACHABLE_CODE = YES;
				CLANG_WARN__DUPLICATE_METHOD_MATCH = YES;
				COPY_PHASE_STRIP = NO;
				DEBUG_INFORMATION_FORMAT = "dwarf-with-dsym";
				ENABLE_NS_ASSERTIONS = NO;
				ENABLE_STRICT_OBJC_MSGSEND = YES;
				GCC_C_LANGUAGE_STANDARD = gnu11;
				GCC_NO_COMMON_BLOCKS = YES;
				GCC_WARN_64_TO_32_BIT_CONVERSION = YES;
				GCC_WARN_ABOUT_RETURN_TYPE = YES_ERROR;
				GCC_WARN_UNDECLARED_SELECTOR = YES;
				GCC_WARN_UNINITIALIZED_AUTOS = YES_AGGRESSIVE;
				GCC_WARN_UNUSED_FUNCTION = YES;
				GCC_WARN_UNUSED_VARIABLE = YES;
				IPHONEOS_DEPLOYMENT_TARGET = 14.4;
				MTL_ENABLE_DEBUG_INFO = NO;
				MTL_FAST_MATH = YES;
				SDKROOT = iphoneos;
				SWIFT_COMPILATION_MODE = wholemodule;
				SWIFT_OPTIMIZATION_LEVEL = "-O";
				VALIDATE_PRODUCT = YES;
			};
			name = Release;
		};
		4A5E71172602F90D0075283B /* Debug */ = {
			isa = XCBuildConfiguration;
			buildSettings = {
				ALWAYS_EMBED_SWIFT_STANDARD_LIBRARIES = YES;
				ASSETCATALOG_COMPILER_APPICON_NAME = AppIcon;
				ASSETCATALOG_COMPILER_GLOBAL_ACCENT_COLOR_NAME = AccentColor;
				CODE_SIGN_STYLE = Automatic;
				INFOPLIST_FILE = UnitCoverter/Info.plist;
				LD_RUNPATH_SEARCH_PATHS = (
					"$(inherited)",
					"@executable_path/Frameworks",
				);
				PRODUCT_BUNDLE_IDENTIFIER = shashane.UnitCoverter;
				PRODUCT_NAME = "$(TARGET_NAME)";
				SWIFT_VERSION = 5.0;
				TARGETED_DEVICE_FAMILY = 1;
			};
			name = Debug;
		};
		4A5E71182602F90D0075283B /* Release */ = {
			isa = XCBuildConfiguration;
			buildSettings = {
				ALWAYS_EMBED_SWIFT_STANDARD_LIBRARIES = YES;
				ASSETCATALOG_COMPILER_APPICON_NAME = AppIcon;
				ASSETCATALOG_COMPILER_GLOBAL_ACCENT_COLOR_NAME = AccentColor;
				CODE_SIGN_STYLE = Automatic;
				INFOPLIST_FILE = UnitCoverter/Info.plist;
				LD_RUNPATH_SEARCH_PATHS = (
					"$(inherited)",
					"@executable_path/Frameworks",
				);
				PRODUCT_BUNDLE_IDENTIFIER = shashane.UnitCoverter;
				PRODUCT_NAME = "$(TARGET_NAME)";
				SWIFT_VERSION = 5.0;
				TARGETED_DEVICE_FAMILY = 1;
			};
			name = Release;
		};
		4A5E71272602F9A50075283B /* Debug */ = {
			isa = XCBuildConfiguration;
			buildSettings = {
				CODE_SIGN_STYLE = Automatic;
				INFOPLIST_FILE = CKeyboard/Info.plist;
				LD_RUNPATH_SEARCH_PATHS = (
					"$(inherited)",
					"@executable_path/Frameworks",
					"@executable_path/../../Frameworks",
				);
				PRODUCT_BUNDLE_IDENTIFIER = shashane.UnitCoverter.CKeyboard;
				PRODUCT_NAME = "$(TARGET_NAME)";
				SKIP_INSTALL = YES;
				SWIFT_VERSION = 5.0;
				TARGETED_DEVICE_FAMILY = "1,2";
			};
			name = Debug;
		};
		4A5E71282602F9A50075283B /* Release */ = {
			isa = XCBuildConfiguration;
			buildSettings = {
				CODE_SIGN_STYLE = Automatic;
				INFOPLIST_FILE = CKeyboard/Info.plist;
				LD_RUNPATH_SEARCH_PATHS = (
					"$(inherited)",
					"@executable_path/Frameworks",
					"@executable_path/../../Frameworks",
				);
				PRODUCT_BUNDLE_IDENTIFIER = shashane.UnitCoverter.CKeyboard;
				PRODUCT_NAME = "$(TARGET_NAME)";
				SKIP_INSTALL = YES;
				SWIFT_VERSION = 5.0;
				TARGETED_DEVICE_FAMILY = "1,2";
			};
			name = Release;
		};
/* End XCBuildConfiguration section */

/* Begin XCConfigurationList section */
		4A5E70FA2602F90B0075283B /* Build configuration list for PBXProject "UnitCoverter" */ = {
			isa = XCConfigurationList;
			buildConfigurations = (
				4A5E71142602F90D0075283B /* Debug */,
				4A5E71152602F90D0075283B /* Release */,
			);
			defaultConfigurationIsVisible = 0;
			defaultConfigurationName = Release;
		};
		4A5E71162602F90D0075283B /* Build configuration list for PBXNativeTarget "UnitCoverter" */ = {
			isa = XCConfigurationList;
			buildConfigurations = (
				4A5E71172602F90D0075283B /* Debug */,
				4A5E71182602F90D0075283B /* Release */,
			);
			defaultConfigurationIsVisible = 0;
			defaultConfigurationName = Release;
		};
		4A5E71262602F9A50075283B /* Build configuration list for PBXNativeTarget "CKeyboard" */ = {
			isa = XCConfigurationList;
			buildConfigurations = (
				4A5E71272602F9A50075283B /* Debug */,
				4A5E71282602F9A50075283B /* Release */,
			);
			defaultConfigurationIsVisible = 0;
			defaultConfigurationName = Release;
		};
/* End XCConfigurationList section */

/* Begin XCVersionGroup section */
		4A5E710B2602F90B0075283B /* UnitCoverter.xcdatamodeld */ = {
			isa = XCVersionGroup;
			children = (
				4A5E710C2602F90B0075283B /* UnitCoverter.xcdatamodel */,
			);
			currentVersion = 4A5E710C2602F90B0075283B /* UnitCoverter.xcdatamodel */;
			path = UnitCoverter.xcdatamodeld;
			sourceTree = "<group>";
			versionGroupType = wrapper.xcdatamodel;
		};
/* End XCVersionGroup section */
	};
	rootObject = 4A5E70F72602F90B0075283B /* Project object */;
}
